// !$*UTF8*$!
{
	archiveVersion = 1;
	classes = {
	};
	objectVersion = 46;
	objects = {

/* Begin PBXBuildFile section */
		813DD1E91F04824C0025A93C /* AppDelegate.swift in Sources */ = {isa = PBXBuildFile; fileRef = 813DD1E81F04824C0025A93C /* AppDelegate.swift */; };
		813DD1EB1F04824C0025A93C /* ViewController.swift in Sources */ = {isa = PBXBuildFile; fileRef = 813DD1EA1F04824C0025A93C /* ViewController.swift */; };
		813DD1EE1F04824C0025A93C /* Main.storyboard in Resources */ = {isa = PBXBuildFile; fileRef = 813DD1EC1F04824C0025A93C /* Main.storyboard */; };
		813DD1F11F04824C0025A93C /* Smart_Dimmer.xcdatamodeld in Sources */ = {isa = PBXBuildFile; fileRef = 813DD1EF1F04824C0025A93C /* Smart_Dimmer.xcdatamodeld */; };
		813DD1F31F04824C0025A93C /* Assets.xcassets in Resources */ = {isa = PBXBuildFile; fileRef = 813DD1F21F04824C0025A93C /* Assets.xcassets */; };
		813DD1F61F04824C0025A93C /* LaunchScreen.storyboard in Resources */ = {isa = PBXBuildFile; fileRef = 813DD1F41F04824C0025A93C /* LaunchScreen.storyboard */; };
		813DD1FF1F04871A0025A93C /* CoreBluetooth.framework in Frameworks */ = {isa = PBXBuildFile; fileRef = 813DD1FE1F04871A0025A93C /* CoreBluetooth.framework */; };
		813DD2011F049ADB0025A93C /* DiscoverTableViewController.swift in Sources */ = {isa = PBXBuildFile; fileRef = 813DD2001F049ADB0025A93C /* DiscoverTableViewController.swift */; };
/* End PBXBuildFile section */

/* Begin PBXFileReference section */
		813DD1E51F04824C0025A93C /* Smart Dimmer.app */ = {isa = PBXFileReference; explicitFileType = wrapper.application; includeInIndex = 0; path = "Smart Dimmer.app"; sourceTree = BUILT_PRODUCTS_DIR; };
		813DD1E81F04824C0025A93C /* AppDelegate.swift */ = {isa = PBXFileReference; lastKnownFileType = sourcecode.swift; path = AppDelegate.swift; sourceTree = "<group>"; };
		813DD1EA1F04824C0025A93C /* ViewController.swift */ = {isa = PBXFileReference; lastKnownFileType = sourcecode.swift; path = ViewController.swift; sourceTree = "<group>"; };
		813DD1ED1F04824C0025A93C /* Base */ = {isa = PBXFileReference; lastKnownFileType = file.storyboard; name = Base; path = Base.lproj/Main.storyboard; sourceTree = "<group>"; };
		813DD1F01F04824C0025A93C /* Smart_Dimmer.xcdatamodel */ = {isa = PBXFileReference; lastKnownFileType = wrapper.xcdatamodel; path = Smart_Dimmer.xcdatamodel; sourceTree = "<group>"; };
		813DD1F21F04824C0025A93C /* Assets.xcassets */ = {isa = PBXFileReference; lastKnownFileType = folder.assetcatalog; path = Assets.xcassets; sourceTree = "<group>"; };
		813DD1F51F04824C0025A93C /* Base */ = {isa = PBXFileReference; lastKnownFileType = file.storyboard; name = Base; path = Base.lproj/LaunchScreen.storyboard; sourceTree = "<group>"; };
		813DD1F71F04824C0025A93C /* Info.plist */ = {isa = PBXFileReference; lastKnownFileType = text.plist.xml; path = Info.plist; sourceTree = "<group>"; };
		813DD1FE1F04871A0025A93C /* CoreBluetooth.framework */ = {isa = PBXFileReference; lastKnownFileType = wrapper.framework; name = CoreBluetooth.framework; path = System/Library/Frameworks/CoreBluetooth.framework; sourceTree = SDKROOT; };
		813DD2001F049ADB0025A93C /* DiscoverTableViewController.swift */ = {isa = PBXFileReference; fileEncoding = 4; lastKnownFileType = sourcecode.swift; path = DiscoverTableViewController.swift; sourceTree = "<group>"; };
/* End PBXFileReference section */

/* Begin PBXFrameworksBuildPhase section */
		813DD1E21F04824C0025A93C /* Frameworks */ = {
			isa = PBXFrameworksBuildPhase;
			buildActionMask = 2147483647;
			files = (
				813DD1FF1F04871A0025A93C /* CoreBluetooth.framework in Frameworks */,
			);
			runOnlyForDeploymentPostprocessing = 0;
		};
/* End PBXFrameworksBuildPhase section */

/* Begin PBXGroup section */
		813DD1DC1F04824C0025A93C = {
			isa = PBXGroup;
			children = (
				813DD1E71F04824C0025A93C /* Smart Dimmer */,
				813DD1E61F04824C0025A93C /* Products */,
				813DD1FD1F04871A0025A93C /* Frameworks */,
			);
			sourceTree = "<group>";
		};
		813DD1E61F04824C0025A93C /* Products */ = {
			isa = PBXGroup;
			children = (
				813DD1E51F04824C0025A93C /* Smart Dimmer.app */,
			);
			name = Products;
			sourceTree = "<group>";
		};
		813DD1E71F04824C0025A93C /* Smart Dimmer */ = {
			isa = PBXGroup;
			children = (
				813DD1E81F04824C0025A93C /* AppDelegate.swift */,
				813DD1EA1F04824C0025A93C /* ViewController.swift */,
				813DD2001F049ADB0025A93C /* DiscoverTableViewController.swift */,
				813DD1EC1F04824C0025A93C /* Main.storyboard */,
				813DD1F21F04824C0025A93C /* Assets.xcassets */,
				813DD1F41F04824C0025A93C /* LaunchScreen.storyboard */,
				813DD1F71F04824C0025A93C /* Info.plist */,
				813DD1EF1F04824C0025A93C /* Smart_Dimmer.xcdatamodeld */,
			);
			path = "Smart Dimmer";
			sourceTree = "<group>";
		};
		813DD1FD1F04871A0025A93C /* Frameworks */ = {
			isa = PBXGroup;
			children = (
				813DD1FE1F04871A0025A93C /* CoreBluetooth.framework */,
			);
			name = Frameworks;
			sourceTree = "<group>";
		};
/* End PBXGroup section */

/* Begin PBXNativeTarget section */
		813DD1E41F04824C0025A93C /* Smart Dimmer */ = {
			isa = PBXNativeTarget;
			buildConfigurationList = 813DD1FA1F04824C0025A93C /* Build configuration list for PBXNativeTarget "Smart Dimmer" */;
			buildPhases = (
				813DD1E11F04824C0025A93C /* Sources */,
				813DD1E21F04824C0025A93C /* Frameworks */,
				813DD1E31F04824C0025A93C /* Resources */,
			);
			buildRules = (
			);
			dependencies = (
			);
			name = "Smart Dimmer";
			productName = "Smart Dimmer";
			productReference = 813DD1E51F04824C0025A93C /* Smart Dimmer.app */;
			productType = "com.apple.product-type.application";
		};
/* End PBXNativeTarget section */

/* Begin PBXProject section */
		813DD1DD1F04824C0025A93C /* Project object */ = {
			isa = PBXProject;
			attributes = {
				LastSwiftUpdateCheck = 0830;
				LastUpgradeCheck = 0830;
				ORGANIZATIONNAME = "Adam Birdsall";
				TargetAttributes = {
					813DD1E41F04824C0025A93C = {
						CreatedOnToolsVersion = 8.3.2;
						DevelopmentTeam = FT34PLEEM7;
						ProvisioningStyle = Automatic;
					};
				};
			};
			buildConfigurationList = 813DD1E01F04824C0025A93C /* Build configuration list for PBXProject "Smart Dimmer" */;
			compatibilityVersion = "Xcode 3.2";
			developmentRegion = English;
			hasScannedForEncodings = 0;
			knownRegions = (
				en,
				Base,
			);
			mainGroup = 813DD1DC1F04824C0025A93C;
			productRefGroup = 813DD1E61F04824C0025A93C /* Products */;
			projectDirPath = "";
			projectRoot = "";
			targets = (
				813DD1E41F04824C0025A93C /* Smart Dimmer */,
			);
		};
/* End PBXProject section */

/* Begin PBXResourcesBuildPhase section */
		813DD1E31F04824C0025A93C /* Resources */ = {
			isa = PBXResourcesBuildPhase;
			buildActionMask = 2147483647;
			files = (
				813DD1F61F04824C0025A93C /* LaunchScreen.storyboard in Resources */,
				813DD1F31F04824C0025A93C /* Assets.xcassets in Resources */,
				813DD1EE1F04824C0025A93C /* Main.storyboard in Resources */,
			);
			runOnlyForDeploymentPostprocessing = 0;
		};
/* End PBXResourcesBuildPhase section */

/* Begin PBXSourcesBuildPhase section */
		813DD1E11F04824C0025A93C /* Sources */ = {
			isa = PBXSourcesBuildPhase;
			buildActionMask = 2147483647;
			files = (
				813DD1F11F04824C0025A93C /* Smart_Dimmer.xcdatamodeld in Sources */,
				813DD1EB1F04824C0025A93C /* ViewController.swift in Sources */,
				813DD2011F049ADB0025A93C /* DiscoverTableViewController.swift in Sources */,
				813DD1E91F04824C0025A93C /* AppDelegate.swift in Sources */,
			);
			runOnlyForDeploymentPostprocessing = 0;
		};
/* End PBXSourcesBuildPhase section */

/* Begin PBXVariantGroup section */
		813DD1EC1F04824C0025A93C /* Main.storyboard */ = {
			isa = PBXVariantGroup;
			children = (
				813DD1ED1F04824C0025A93C /* Base */,
			);
			name = Main.storyboard;
			sourceTree = "<group>";
		};
		813DD1F41F04824C0025A93C /* LaunchScreen.storyboard */ = {
			isa = PBXVariantGroup;
			children = (
				813DD1F51F04824C0025A93C /* Base */,
			);
			name = LaunchScreen.storyboard;
			sourceTree = "<group>";
		};
/* End PBXVariantGroup section */

/* Begin XCBuildConfiguration section */
		813DD1F81F04824C0025A93C /* Debug */ = {
			isa = XCBuildConfiguration;
			buildSettings = {
				ALWAYS_SEARCH_USER_PATHS = NO;
				CLANG_ANALYZER_NONNULL = YES;
				CLANG_ANALYZER_NUMBER_OBJECT_CONVERSION = YES_AGGRESSIVE;
				CLANG_CXX_LANGUAGE_STANDARD = "gnu++0x";
				CLANG_CXX_LIBRARY = "libc++";
				CLANG_ENABLE_MODULES = YES;
				CLANG_ENABLE_OBJC_ARC = YES;
				CLANG_WARN_BOOL_CONVERSION = YES;
				CLANG_WARN_CONSTANT_CONVERSION = YES;
				CLANG_WARN_DIRECT_OBJC_ISA_USAGE = YES_ERROR;
				CLANG_WARN_DOCUMENTATION_COMMENTS = YES;
				CLANG_WARN_EMPTY_BODY = YES;
				CLANG_WARN_ENUM_CONVERSION = YES;
				CLANG_WARN_INFINITE_RECURSION = YES;
				CLANG_WARN_INT_CONVERSION = YES;
				CLANG_WARN_OBJC_ROOT_CLASS = YES_ERROR;
				CLANG_WARN_SUSPICIOUS_MOVE = YES;
				CLANG_WARN_UNREACHABLE_CODE = YES;
				CLANG_WARN__DUPLICATE_METHOD_MATCH = YES;
				"CODE_SIGN_IDENTITY[sdk=iphoneos*]" = "iPhone Developer";
				COPY_PHASE_STRIP = NO;
				DEBUG_INFORMATION_FORMAT = dwarf;
				ENABLE_STRICT_OBJC_MSGSEND = YES;
				ENABLE_TESTABILITY = YES;
				GCC_C_LANGUAGE_STANDARD = gnu99;
				GCC_DYNAMIC_NO_PIC = NO;
				GCC_NO_COMMON_BLOCKS = YES;
				GCC_OPTIMIZATION_LEVEL = 0;
				GCC_PREPROCESSOR_DEFINITIONS = (
					"DEBUG=1",
					"$(inherited)",
				);
				GCC_WARN_64_TO_32_BIT_CONVERSION = YES;
				GCC_WARN_ABOUT_RETURN_TYPE = YES_ERROR;
				GCC_WARN_UNDECLARED_SELECTOR = YES;
				GCC_WARN_UNINITIALIZED_AUTOS = YES_AGGRESSIVE;
				GCC_WARN_UNUSED_FUNCTION = YES;
				GCC_WARN_UNUSED_VARIABLE = YES;
				IPHONEOS_DEPLOYMENT_TARGET = 10.3;
				MTL_ENABLE_DEBUG_INFO = YES;
				ONLY_ACTIVE_ARCH = YES;
				SDKROOT = iphoneos;
				SWIFT_ACTIVE_COMPILATION_CONDITIONS = DEBUG;
				SWIFT_OPTIMIZATION_LEVEL = "-Onone";
				TARGETED_DEVICE_FAMILY = "1,2";
			};
			name = Debug;
		};
		813DD1F91F04824C0025A93C /* Release */ = {
			isa = XCBuildConfiguration;
			buildSettings = {
				ALWAYS_SEARCH_USER_PATHS = NO;
				CLANG_ANALYZER_NONNULL = YES;
				CLANG_ANALYZER_NUMBER_OBJECT_CONVERSION = YES_AGGRESSIVE;
				CLANG_CXX_LANGUAGE_STANDARD = "gnu++0x";
				CLANG_CXX_LIBRARY = "libc++";
				CLANG_ENABLE_MODULES = YES;
				CLANG_ENABLE_OBJC_ARC = YES;
				CLANG_WARN_BOOL_CONVERSION = YES;
				CLANG_WARN_CONSTANT_CONVERSION = YES;
				CLANG_WARN_DIRECT_OBJC_ISA_USAGE = YES_ERROR;
				CLANG_WARN_DOCUMENTATION_COMMENTS = YES;
				CLANG_WARN_EMPTY_BODY = YES;
				CLANG_WARN_ENUM_CONVERSION = YES;
				CLANG_WARN_INFINITE_RECURSION = YES;
				CLANG_WARN_INT_CONVERSION = YES;
				CLANG_WARN_OBJC_ROOT_CLASS = YES_ERROR;
				CLANG_WARN_SUSPICIOUS_MOVE = YES;
				CLANG_WARN_UNREACHABLE_CODE = YES;
				CLANG_WARN__DUPLICATE_METHOD_MATCH = YES;
				"CODE_SIGN_IDENTITY[sdk=iphoneos*]" = "iPhone Developer";
				COPY_PHASE_STRIP = NO;
				DEBUG_INFORMATION_FORMAT = "dwarf-with-dsym";
				ENABLE_NS_ASSERTIONS = NO;
				ENABLE_STRICT_OBJC_MSGSEND = YES;
				GCC_C_LANGUAGE_STANDARD = gnu99;
				GCC_NO_COMMON_BLOCKS = YES;
				GCC_WARN_64_TO_32_BIT_CONVERSION = YES;
				GCC_WARN_ABOUT_RETURN_TYPE = YES_ERROR;
				GCC_WARN_UNDECLARED_SELECTOR = YES;
				GCC_WARN_UNINITIALIZED_AUTOS = YES_AGGRESSIVE;
				GCC_WARN_UNUSED_FUNCTION = YES;
				GCC_WARN_UNUSED_VARIABLE = YES;
				IPHONEOS_DEPLOYMENT_TARGET = 10.3;
				MTL_ENABLE_DEBUG_INFO = NO;
				SDKROOT = iphoneos;
				SWIFT_OPTIMIZATION_LEVEL = "-Owholemodule";
				TARGETED_DEVICE_FAMILY = "1,2";
				VALIDATE_PRODUCT = YES;
			};
			name = Release;
		};
		813DD1FB1F04824C0025A93C /* Debug */ = {
			isa = XCBuildConfiguration;
			buildSettings = {
				ASSETCATALOG_COMPILER_APPICON_NAME = AppIcon;
				DEVELOPMENT_TEAM = FT34PLEEM7;
				INFOPLIST_FILE = "Smart Dimmer/Info.plist";
				LD_RUNPATH_SEARCH_PATHS = "$(inherited) @executable_path/Frameworks";
				PRODUCT_BUNDLE_IDENTIFIER = "com.AdamBirdsall.Smart-Dimmer";
				PRODUCT_NAME = "$(TARGET_NAME)";
				SWIFT_VERSION = 3.0;
			};
			name = Debug;
		};
		813DD1FC1F04824C0025A93C /* Release */ = {
			isa = XCBuildConfiguration;
			buildSettings = {
				ASSETCATALOG_COMPILER_APPICON_NAME = AppIcon;
				DEVELOPMENT_TEAM = FT34PLEEM7;
				INFOPLIST_FILE = "Smart Dimmer/Info.plist";
				LD_RUNPATH_SEARCH_PATHS = "$(inherited) @executable_path/Frameworks";
				PRODUCT_BUNDLE_IDENTIFIER = "com.AdamBirdsall.Smart-Dimmer";
				PRODUCT_NAME = "$(TARGET_NAME)";
				SWIFT_VERSION = 3.0;
			};
			name = Release;
		};
/* End XCBuildConfiguration section */

/* Begin XCConfigurationList section */
		813DD1E01F04824C0025A93C /* Build configuration list for PBXProject "Smart Dimmer" */ = {
			isa = XCConfigurationList;
			buildConfigurations = (
				813DD1F81F04824C0025A93C /* Debug */,
				813DD1F91F04824C0025A93C /* Release */,
			);
			defaultConfigurationIsVisible = 0;
			defaultConfigurationName = Release;
		};
		813DD1FA1F04824C0025A93C /* Build configuration list for PBXNativeTarget "Smart Dimmer" */ = {
			isa = XCConfigurationList;
			buildConfigurations = (
				813DD1FB1F04824C0025A93C /* Debug */,
				813DD1FC1F04824C0025A93C /* Release */,
			);
			defaultConfigurationIsVisible = 0;
		};
/* End XCConfigurationList section */

/* Begin XCVersionGroup section */
		813DD1EF1F04824C0025A93C /* Smart_Dimmer.xcdatamodeld */ = {
			isa = XCVersionGroup;
			children = (
				813DD1F01F04824C0025A93C /* Smart_Dimmer.xcdatamodel */,
			);
			currentVersion = 813DD1F01F04824C0025A93C /* Smart_Dimmer.xcdatamodel */;
			path = Smart_Dimmer.xcdatamodeld;
			sourceTree = "<group>";
			versionGroupType = wrapper.xcdatamodel;
		};
/* End XCVersionGroup section */
	};
	rootObject = 813DD1DD1F04824C0025A93C /* Project object */;
}
