// !$*UTF8*$!
{
	archiveVersion = 1;
	classes = {
	};
	objectVersion = 46;
	objects = {

/* Begin PBXBuildFile section */
		81136FFB1F3402FC001CA824 /* titleImage.png in Resources */ = {isa = PBXBuildFile; fileRef = 81136FF91F3402FC001CA824 /* titleImage.png */; };
		81136FFC1F3402FC001CA824 /* Brilliance LED logo 2016_Stacked.png in Resources */ = {isa = PBXBuildFile; fileRef = 81136FFA1F3402FC001CA824 /* Brilliance LED logo 2016_Stacked.png */; };
		8129EAC62047B0EC006EAE76 /* PeripheralObject.swift in Sources */ = {isa = PBXBuildFile; fileRef = 8129EAC52047B0EC006EAE76 /* PeripheralObject.swift */; };
		8131F8852059EE7B00DEE4B8 /* Icon_40.png in Resources */ = {isa = PBXBuildFile; fileRef = 8131F87B2059EE7A00DEE4B8 /* Icon_40.png */; };
		8131F8862059EE7B00DEE4B8 /* Icon_76.png in Resources */ = {isa = PBXBuildFile; fileRef = 8131F87C2059EE7A00DEE4B8 /* Icon_76.png */; };
		8131F8872059EE7B00DEE4B8 /* Icon_60.png in Resources */ = {isa = PBXBuildFile; fileRef = 8131F87D2059EE7A00DEE4B8 /* Icon_60.png */; };
		8131F8882059EE7B00DEE4B8 /* Icon_120.png in Resources */ = {isa = PBXBuildFile; fileRef = 8131F87E2059EE7A00DEE4B8 /* Icon_120.png */; };
		8131F8892059EE7B00DEE4B8 /* Icon_167.png in Resources */ = {isa = PBXBuildFile; fileRef = 8131F87F2059EE7A00DEE4B8 /* Icon_167.png */; };
		8131F88A2059EE7B00DEE4B8 /* Icon_180.png in Resources */ = {isa = PBXBuildFile; fileRef = 8131F8802059EE7A00DEE4B8 /* Icon_180.png */; };
		8131F88B2059EE7B00DEE4B8 /* Icon_80.png in Resources */ = {isa = PBXBuildFile; fileRef = 8131F8812059EE7A00DEE4B8 /* Icon_80.png */; };
		8131F88C2059EE7B00DEE4B8 /* Icon_152.png in Resources */ = {isa = PBXBuildFile; fileRef = 8131F8822059EE7A00DEE4B8 /* Icon_152.png */; };
		8131F88D2059EE7B00DEE4B8 /* Icon_20.png in Resources */ = {isa = PBXBuildFile; fileRef = 8131F8832059EE7B00DEE4B8 /* Icon_20.png */; };
		8131F88E2059EE7B00DEE4B8 /* Icon_87.png in Resources */ = {isa = PBXBuildFile; fileRef = 8131F8842059EE7B00DEE4B8 /* Icon_87.png */; };
		8131F8992059EEB800DEE4B8 /* Icon-Small-50.png in Resources */ = {isa = PBXBuildFile; fileRef = 8131F88F2059EEB600DEE4B8 /* Icon-Small-50.png */; };
		8131F89A2059EEB800DEE4B8 /* Icon-72.png in Resources */ = {isa = PBXBuildFile; fileRef = 8131F8902059EEB600DEE4B8 /* Icon-72.png */; };
		8131F89B2059EEB800DEE4B8 /* Icon@2x.png in Resources */ = {isa = PBXBuildFile; fileRef = 8131F8912059EEB600DEE4B8 /* Icon@2x.png */; };
		8131F89C2059EEB800DEE4B8 /* iTunesArtwork@2x in Resources */ = {isa = PBXBuildFile; fileRef = 8131F8922059EEB700DEE4B8 /* iTunesArtwork@2x */; };
		8131F89D2059EEB800DEE4B8 /* Icon-Small@2x.png in Resources */ = {isa = PBXBuildFile; fileRef = 8131F8932059EEB700DEE4B8 /* Icon-Small@2x.png */; };
		8131F89E2059EEB800DEE4B8 /* Icon-Small-50@2x.png in Resources */ = {isa = PBXBuildFile; fileRef = 8131F8942059EEB700DEE4B8 /* Icon-Small-50@2x.png */; };
		8131F89F2059EEB800DEE4B8 /* Icon.png in Resources */ = {isa = PBXBuildFile; fileRef = 8131F8952059EEB700DEE4B8 /* Icon.png */; };
		8131F8A02059EEB800DEE4B8 /* Icon-Small.png in Resources */ = {isa = PBXBuildFile; fileRef = 8131F8962059EEB700DEE4B8 /* Icon-Small.png */; };
		8131F8A12059EEB800DEE4B8 /* iTunesArtwork in Resources */ = {isa = PBXBuildFile; fileRef = 8131F8972059EEB700DEE4B8 /* iTunesArtwork */; };
		8131F8A22059EEB800DEE4B8 /* Icon-72@2x.png in Resources */ = {isa = PBXBuildFile; fileRef = 8131F8982059EEB800DEE4B8 /* Icon-72@2x.png */; };
		8131F8A42059F03300DEE4B8 /* IconLarge.png in Resources */ = {isa = PBXBuildFile; fileRef = 8131F8A32059F03300DEE4B8 /* IconLarge.png */; };
		81373E9C1F537CAA00937FF2 /* Peripherals.swift in Sources */ = {isa = PBXBuildFile; fileRef = 81373E9B1F537CAA00937FF2 /* Peripherals.swift */; };
		813AFBED1F1EF632007A11AC /* DiscoveryViewController.swift in Sources */ = {isa = PBXBuildFile; fileRef = 813AFBEC1F1EF632007A11AC /* DiscoveryViewController.swift */; };
		813DD1E91F04824C0025A93C /* AppDelegate.swift in Sources */ = {isa = PBXBuildFile; fileRef = 813DD1E81F04824C0025A93C /* AppDelegate.swift */; };
		813DD1EE1F04824C0025A93C /* Main.storyboard in Resources */ = {isa = PBXBuildFile; fileRef = 813DD1EC1F04824C0025A93C /* Main.storyboard */; };
		813DD1F11F04824C0025A93C /* Smart_Dimmer.xcdatamodeld in Sources */ = {isa = PBXBuildFile; fileRef = 813DD1EF1F04824C0025A93C /* Smart_Dimmer.xcdatamodeld */; };
		813DD1F31F04824C0025A93C /* Assets.xcassets in Resources */ = {isa = PBXBuildFile; fileRef = 813DD1F21F04824C0025A93C /* Assets.xcassets */; };
		813DD1F61F04824C0025A93C /* LaunchScreen.storyboard in Resources */ = {isa = PBXBuildFile; fileRef = 813DD1F41F04824C0025A93C /* LaunchScreen.storyboard */; };
		813DD1FF1F04871A0025A93C /* CoreBluetooth.framework in Frameworks */ = {isa = PBXBuildFile; fileRef = 813DD1FE1F04871A0025A93C /* CoreBluetooth.framework */; };
		8148F6341F7C6CB700E2E5EB /* pullToRefresh.PNG in Resources */ = {isa = PBXBuildFile; fileRef = 8148F62E1F7C6CB700E2E5EB /* pullToRefresh.PNG */; };
		8148F6351F7C6CB700E2E5EB /* setupPopup.PNG in Resources */ = {isa = PBXBuildFile; fileRef = 8148F62F1F7C6CB700E2E5EB /* setupPopup.PNG */; };
		8148F6361F7C6CB700E2E5EB /* sideMenu.PNG in Resources */ = {isa = PBXBuildFile; fileRef = 8148F6301F7C6CB700E2E5EB /* sideMenu.PNG */; };
		8148F6371F7C6CB700E2E5EB /* groupsSelect.PNG in Resources */ = {isa = PBXBuildFile; fileRef = 8148F6311F7C6CB700E2E5EB /* groupsSelect.PNG */; };
		8148F6391F7C6CB700E2E5EB /* mainScreen.PNG in Resources */ = {isa = PBXBuildFile; fileRef = 8148F6331F7C6CB700E2E5EB /* mainScreen.PNG */; };
		8148F63E1F7C958300E2E5EB /* HelpPageViewController.swift in Sources */ = {isa = PBXBuildFile; fileRef = 8148F63D1F7C958300E2E5EB /* HelpPageViewController.swift */; };
		817B2BC91F42AD1700D9B7E9 /* appIcon.png in Resources */ = {isa = PBXBuildFile; fileRef = 817B2BC81F42AD1700D9B7E9 /* appIcon.png */; };
		817B2BCB1F42AD1E00D9B7E9 /* topBarTitle.png in Resources */ = {isa = PBXBuildFile; fileRef = 817B2BCA1F42AD1E00D9B7E9 /* topBarTitle.png */; };
		818BBA921F42B14000B6F1DD /* icons8-Menu-50.png in Resources */ = {isa = PBXBuildFile; fileRef = 818BBA911F42B14000B6F1DD /* icons8-Menu-50.png */; };
		818BBA941F42B1A600B6F1DD /* icons8-Menu-25.png in Resources */ = {isa = PBXBuildFile; fileRef = 818BBA931F42B1A600B6F1DD /* icons8-Menu-25.png */; };
		8192252A1F342E7800DA080E /* MenuTableViewController.swift in Sources */ = {isa = PBXBuildFile; fileRef = 819225291F342E7800DA080E /* MenuTableViewController.swift */; };
		81C6CB8A1F451FE300FBBC8C /* SetupViewController.swift in Sources */ = {isa = PBXBuildFile; fileRef = 81C6CB891F451FE300FBBC8C /* SetupViewController.swift */; };
		81E1057E1FAA935B00E2B0BB /* CoreDataObject.swift in Sources */ = {isa = PBXBuildFile; fileRef = 81E1057D1FAA935B00E2B0BB /* CoreDataObject.swift */; };
		81F753AD1FBFBD240047EDE4 /* adjustBrightness.PNG in Resources */ = {isa = PBXBuildFile; fileRef = 81F753AC1FBFBD240047EDE4 /* adjustBrightness.PNG */; };
		DD5E2600D95112704FC70449 /* Pods_Smart_Dimmer.framework in Frameworks */ = {isa = PBXBuildFile; fileRef = 6DA9427C4E4A846EB51BCB55 /* Pods_Smart_Dimmer.framework */; };
/* End PBXBuildFile section */

/* Begin PBXFileReference section */
		483F3B2D24426763ABBCFFAC /* Pods-Smart Dimmer.debug.xcconfig */ = {isa = PBXFileReference; includeInIndex = 1; lastKnownFileType = text.xcconfig; name = "Pods-Smart Dimmer.debug.xcconfig"; path = "Pods/Target Support Files/Pods-Smart Dimmer/Pods-Smart Dimmer.debug.xcconfig"; sourceTree = "<group>"; };
		6342C8E4208484267D5B76CE /* Pods-Smart Dimmer.release.xcconfig */ = {isa = PBXFileReference; includeInIndex = 1; lastKnownFileType = text.xcconfig; name = "Pods-Smart Dimmer.release.xcconfig"; path = "Pods/Target Support Files/Pods-Smart Dimmer/Pods-Smart Dimmer.release.xcconfig"; sourceTree = "<group>"; };
		6DA9427C4E4A846EB51BCB55 /* Pods_Smart_Dimmer.framework */ = {isa = PBXFileReference; explicitFileType = wrapper.framework; includeInIndex = 0; path = Pods_Smart_Dimmer.framework; sourceTree = BUILT_PRODUCTS_DIR; };
		81136FF91F3402FC001CA824 /* titleImage.png */ = {isa = PBXFileReference; lastKnownFileType = image.png; path = titleImage.png; sourceTree = "<group>"; };
		81136FFA1F3402FC001CA824 /* Brilliance LED logo 2016_Stacked.png */ = {isa = PBXFileReference; lastKnownFileType = image.png; path = "Brilliance LED logo 2016_Stacked.png"; sourceTree = "<group>"; };
		8129EAC52047B0EC006EAE76 /* PeripheralObject.swift */ = {isa = PBXFileReference; lastKnownFileType = sourcecode.swift; path = PeripheralObject.swift; sourceTree = "<group>"; };
		8131F87B2059EE7A00DEE4B8 /* Icon_40.png */ = {isa = PBXFileReference; lastKnownFileType = image.png; name = Icon_40.png; path = ../../../BrillianceLEDPhotos/NewIcon/Icon_40.png; sourceTree = "<group>"; };
		8131F87C2059EE7A00DEE4B8 /* Icon_76.png */ = {isa = PBXFileReference; lastKnownFileType = image.png; name = Icon_76.png; path = ../../../BrillianceLEDPhotos/NewIcon/Icon_76.png; sourceTree = "<group>"; };
		8131F87D2059EE7A00DEE4B8 /* Icon_60.png */ = {isa = PBXFileReference; lastKnownFileType = image.png; name = Icon_60.png; path = ../../../BrillianceLEDPhotos/NewIcon/Icon_60.png; sourceTree = "<group>"; };
		8131F87E2059EE7A00DEE4B8 /* Icon_120.png */ = {isa = PBXFileReference; lastKnownFileType = image.png; name = Icon_120.png; path = ../../../BrillianceLEDPhotos/NewIcon/Icon_120.png; sourceTree = "<group>"; };
		8131F87F2059EE7A00DEE4B8 /* Icon_167.png */ = {isa = PBXFileReference; lastKnownFileType = image.png; name = Icon_167.png; path = ../../../BrillianceLEDPhotos/NewIcon/Icon_167.png; sourceTree = "<group>"; };
		8131F8802059EE7A00DEE4B8 /* Icon_180.png */ = {isa = PBXFileReference; lastKnownFileType = image.png; name = Icon_180.png; path = ../../../BrillianceLEDPhotos/NewIcon/Icon_180.png; sourceTree = "<group>"; };
		8131F8812059EE7A00DEE4B8 /* Icon_80.png */ = {isa = PBXFileReference; lastKnownFileType = image.png; name = Icon_80.png; path = ../../../BrillianceLEDPhotos/NewIcon/Icon_80.png; sourceTree = "<group>"; };
		8131F8822059EE7A00DEE4B8 /* Icon_152.png */ = {isa = PBXFileReference; lastKnownFileType = image.png; name = Icon_152.png; path = ../../../BrillianceLEDPhotos/NewIcon/Icon_152.png; sourceTree = "<group>"; };
		8131F8832059EE7B00DEE4B8 /* Icon_20.png */ = {isa = PBXFileReference; lastKnownFileType = image.png; name = Icon_20.png; path = ../../../BrillianceLEDPhotos/NewIcon/Icon_20.png; sourceTree = "<group>"; };
		8131F8842059EE7B00DEE4B8 /* Icon_87.png */ = {isa = PBXFileReference; lastKnownFileType = image.png; name = Icon_87.png; path = ../../../BrillianceLEDPhotos/NewIcon/Icon_87.png; sourceTree = "<group>"; };
		8131F88F2059EEB600DEE4B8 /* Icon-Small-50.png */ = {isa = PBXFileReference; lastKnownFileType = image.png; path = "Icon-Small-50.png"; sourceTree = "<group>"; };
		8131F8902059EEB600DEE4B8 /* Icon-72.png */ = {isa = PBXFileReference; lastKnownFileType = image.png; path = "Icon-72.png"; sourceTree = "<group>"; };
		8131F8912059EEB600DEE4B8 /* Icon@2x.png */ = {isa = PBXFileReference; lastKnownFileType = image.png; path = "Icon@2x.png"; sourceTree = "<group>"; };
		8131F8922059EEB700DEE4B8 /* iTunesArtwork@2x */ = {isa = PBXFileReference; lastKnownFileType = file; name = "iTunesArtwork@2x"; path = "../../../BrillianceLEDPhotos/NewIcon/iTunesArtwork@2x"; sourceTree = "<group>"; };
		8131F8932059EEB700DEE4B8 /* Icon-Small@2x.png */ = {isa = PBXFileReference; lastKnownFileType = image.png; path = "Icon-Small@2x.png"; sourceTree = "<group>"; };
		8131F8942059EEB700DEE4B8 /* Icon-Small-50@2x.png */ = {isa = PBXFileReference; lastKnownFileType = image.png; path = "Icon-Small-50@2x.png"; sourceTree = "<group>"; };
		8131F8952059EEB700DEE4B8 /* Icon.png */ = {isa = PBXFileReference; lastKnownFileType = image.png; path = Icon.png; sourceTree = "<group>"; };
		8131F8962059EEB700DEE4B8 /* Icon-Small.png */ = {isa = PBXFileReference; lastKnownFileType = image.png; path = "Icon-Small.png"; sourceTree = "<group>"; };
		8131F8972059EEB700DEE4B8 /* iTunesArtwork */ = {isa = PBXFileReference; lastKnownFileType = file; path = iTunesArtwork; sourceTree = "<group>"; };
		8131F8982059EEB800DEE4B8 /* Icon-72@2x.png */ = {isa = PBXFileReference; lastKnownFileType = image.png; path = "Icon-72@2x.png"; sourceTree = "<group>"; };
		8131F8A32059F03300DEE4B8 /* IconLarge.png */ = {isa = PBXFileReference; lastKnownFileType = image.png; path = IconLarge.png; sourceTree = "<group>"; };
		81373E9B1F537CAA00937FF2 /* Peripherals.swift */ = {isa = PBXFileReference; fileEncoding = 4; lastKnownFileType = sourcecode.swift; path = Peripherals.swift; sourceTree = "<group>"; };
		813AFBEC1F1EF632007A11AC /* DiscoveryViewController.swift */ = {isa = PBXFileReference; fileEncoding = 4; lastKnownFileType = sourcecode.swift; path = DiscoveryViewController.swift; sourceTree = "<group>"; };
		813DD1E51F04824C0025A93C /* Smart Dimmer.app */ = {isa = PBXFileReference; explicitFileType = wrapper.application; includeInIndex = 0; path = "Smart Dimmer.app"; sourceTree = BUILT_PRODUCTS_DIR; };
		813DD1E81F04824C0025A93C /* AppDelegate.swift */ = {isa = PBXFileReference; lastKnownFileType = sourcecode.swift; path = AppDelegate.swift; sourceTree = "<group>"; };
		813DD1ED1F04824C0025A93C /* Base */ = {isa = PBXFileReference; lastKnownFileType = file.storyboard; name = Base; path = Base.lproj/Main.storyboard; sourceTree = "<group>"; };
		813DD1F01F04824C0025A93C /* Smart_Dimmer.xcdatamodel */ = {isa = PBXFileReference; lastKnownFileType = wrapper.xcdatamodel; path = Smart_Dimmer.xcdatamodel; sourceTree = "<group>"; };
		813DD1F21F04824C0025A93C /* Assets.xcassets */ = {isa = PBXFileReference; lastKnownFileType = folder.assetcatalog; path = Assets.xcassets; sourceTree = "<group>"; };
		813DD1F51F04824C0025A93C /* Base */ = {isa = PBXFileReference; lastKnownFileType = file.storyboard; name = Base; path = Base.lproj/LaunchScreen.storyboard; sourceTree = "<group>"; };
		813DD1F71F04824C0025A93C /* Info.plist */ = {isa = PBXFileReference; lastKnownFileType = text.plist.xml; path = Info.plist; sourceTree = "<group>"; };
		813DD1FE1F04871A0025A93C /* CoreBluetooth.framework */ = {isa = PBXFileReference; lastKnownFileType = wrapper.framework; name = CoreBluetooth.framework; path = System/Library/Frameworks/CoreBluetooth.framework; sourceTree = SDKROOT; };
		8148F62E1F7C6CB700E2E5EB /* pullToRefresh.PNG */ = {isa = PBXFileReference; lastKnownFileType = image.png; path = pullToRefresh.PNG; sourceTree = "<group>"; };
		8148F62F1F7C6CB700E2E5EB /* setupPopup.PNG */ = {isa = PBXFileReference; lastKnownFileType = image.png; path = setupPopup.PNG; sourceTree = "<group>"; };
		8148F6301F7C6CB700E2E5EB /* sideMenu.PNG */ = {isa = PBXFileReference; lastKnownFileType = image.png; path = sideMenu.PNG; sourceTree = "<group>"; };
		8148F6311F7C6CB700E2E5EB /* groupsSelect.PNG */ = {isa = PBXFileReference; lastKnownFileType = image.png; path = groupsSelect.PNG; sourceTree = "<group>"; };
		8148F6331F7C6CB700E2E5EB /* mainScreen.PNG */ = {isa = PBXFileReference; lastKnownFileType = image.png; path = mainScreen.PNG; sourceTree = "<group>"; };
		8148F63D1F7C958300E2E5EB /* HelpPageViewController.swift */ = {isa = PBXFileReference; fileEncoding = 4; lastKnownFileType = sourcecode.swift; path = HelpPageViewController.swift; sourceTree = "<group>"; };
		817B2BC81F42AD1700D9B7E9 /* appIcon.png */ = {isa = PBXFileReference; lastKnownFileType = image.png; path = appIcon.png; sourceTree = "<group>"; };
		817B2BCA1F42AD1E00D9B7E9 /* topBarTitle.png */ = {isa = PBXFileReference; lastKnownFileType = image.png; path = topBarTitle.png; sourceTree = "<group>"; };
		818BBA911F42B14000B6F1DD /* icons8-Menu-50.png */ = {isa = PBXFileReference; lastKnownFileType = image.png; path = "icons8-Menu-50.png"; sourceTree = "<group>"; };
		818BBA931F42B1A600B6F1DD /* icons8-Menu-25.png */ = {isa = PBXFileReference; lastKnownFileType = image.png; path = "icons8-Menu-25.png"; sourceTree = "<group>"; };
		819225291F342E7800DA080E /* MenuTableViewController.swift */ = {isa = PBXFileReference; fileEncoding = 4; lastKnownFileType = sourcecode.swift; path = MenuTableViewController.swift; sourceTree = "<group>"; };
		81C6CB891F451FE300FBBC8C /* SetupViewController.swift */ = {isa = PBXFileReference; fileEncoding = 4; lastKnownFileType = sourcecode.swift; path = SetupViewController.swift; sourceTree = "<group>"; };
		81E1057D1FAA935B00E2B0BB /* CoreDataObject.swift */ = {isa = PBXFileReference; fileEncoding = 4; lastKnownFileType = sourcecode.swift; path = CoreDataObject.swift; sourceTree = "<group>"; };
		81F753AC1FBFBD240047EDE4 /* adjustBrightness.PNG */ = {isa = PBXFileReference; lastKnownFileType = image.png; path = adjustBrightness.PNG; sourceTree = "<group>"; };
/* End PBXFileReference section */

/* Begin PBXFrameworksBuildPhase section */
		813DD1E21F04824C0025A93C /* Frameworks */ = {
			isa = PBXFrameworksBuildPhase;
			buildActionMask = 2147483647;
			files = (
				813DD1FF1F04871A0025A93C /* CoreBluetooth.framework in Frameworks */,
				DD5E2600D95112704FC70449 /* Pods_Smart_Dimmer.framework in Frameworks */,
			);
			runOnlyForDeploymentPostprocessing = 0;
		};
/* End PBXFrameworksBuildPhase section */

/* Begin PBXGroup section */
		81136FF51F3402AD001CA824 /* Resources */ = {
			isa = PBXGroup;
			children = (
				81136FF81F3402EB001CA824 /* Pictures */,
				813DD1E81F04824C0025A93C /* AppDelegate.swift */,
				813DD1F21F04824C0025A93C /* Assets.xcassets */,
				813DD1F71F04824C0025A93C /* Info.plist */,
				813DD1EF1F04824C0025A93C /* Smart_Dimmer.xcdatamodeld */,
			);
			name = Resources;
			sourceTree = "<group>";
		};
		81136FF61F3402C4001CA824 /* Main */ = {
			isa = PBXGroup;
			children = (
				81E1057C1FAA934000E2B0BB /* CoreData */,
				81373E9D1F537CB600937FF2 /* BLE */,
				819225291F342E7800DA080E /* MenuTableViewController.swift */,
				813AFBEC1F1EF632007A11AC /* DiscoveryViewController.swift */,
				81C6CB891F451FE300FBBC8C /* SetupViewController.swift */,
				8148F63D1F7C958300E2E5EB /* HelpPageViewController.swift */,
			);
			name = Main;
			sourceTree = "<group>";
		};
		81136FF71F3402CA001CA824 /* Storyboards */ = {
			isa = PBXGroup;
			children = (
				813DD1EC1F04824C0025A93C /* Main.storyboard */,
				813DD1F41F04824C0025A93C /* LaunchScreen.storyboard */,
			);
			name = Storyboards;
			sourceTree = "<group>";
		};
		81136FF81F3402EB001CA824 /* Pictures */ = {
			isa = PBXGroup;
			children = (
				8131F87A2059EE6100DEE4B8 /* NewIcon */,
				8148F63A1F7C6CED00E2E5EB /* HelpPictures */,
				818BBA931F42B1A600B6F1DD /* icons8-Menu-25.png */,
				818BBA911F42B14000B6F1DD /* icons8-Menu-50.png */,
				817B2BCA1F42AD1E00D9B7E9 /* topBarTitle.png */,
				817B2BC81F42AD1700D9B7E9 /* appIcon.png */,
				81136FF91F3402FC001CA824 /* titleImage.png */,
				81136FFA1F3402FC001CA824 /* Brilliance LED logo 2016_Stacked.png */,
			);
			name = Pictures;
			sourceTree = "<group>";
		};
		8131F87A2059EE6100DEE4B8 /* NewIcon */ = {
			isa = PBXGroup;
			children = (
				8131F8A32059F03300DEE4B8 /* IconLarge.png */,
				8131F8902059EEB600DEE4B8 /* Icon-72.png */,
				8131F8982059EEB800DEE4B8 /* Icon-72@2x.png */,
				8131F88F2059EEB600DEE4B8 /* Icon-Small-50.png */,
				8131F8942059EEB700DEE4B8 /* Icon-Small-50@2x.png */,
				8131F8962059EEB700DEE4B8 /* Icon-Small.png */,
				8131F8932059EEB700DEE4B8 /* Icon-Small@2x.png */,
				8131F8952059EEB700DEE4B8 /* Icon.png */,
				8131F8912059EEB600DEE4B8 /* Icon@2x.png */,
				8131F8922059EEB700DEE4B8 /* iTunesArtwork@2x */,
				8131F8972059EEB700DEE4B8 /* iTunesArtwork */,
				8131F8832059EE7B00DEE4B8 /* Icon_20.png */,
				8131F87B2059EE7A00DEE4B8 /* Icon_40.png */,
				8131F87D2059EE7A00DEE4B8 /* Icon_60.png */,
				8131F87C2059EE7A00DEE4B8 /* Icon_76.png */,
				8131F8812059EE7A00DEE4B8 /* Icon_80.png */,
				8131F8842059EE7B00DEE4B8 /* Icon_87.png */,
				8131F87E2059EE7A00DEE4B8 /* Icon_120.png */,
				8131F8822059EE7A00DEE4B8 /* Icon_152.png */,
				8131F87F2059EE7A00DEE4B8 /* Icon_167.png */,
				8131F8802059EE7A00DEE4B8 /* Icon_180.png */,
			);
			name = NewIcon;
			sourceTree = "<group>";
		};
		81373E9D1F537CB600937FF2 /* BLE */ = {
			isa = PBXGroup;
			children = (
				81373E9B1F537CAA00937FF2 /* Peripherals.swift */,
				8129EAC52047B0EC006EAE76 /* PeripheralObject.swift */,
			);
			name = BLE;
			sourceTree = "<group>";
		};
		813DD1DC1F04824C0025A93C = {
			isa = PBXGroup;
			children = (
				813DD1E71F04824C0025A93C /* Smart Dimmer */,
				813DD1E61F04824C0025A93C /* Products */,
				813DD1FD1F04871A0025A93C /* Frameworks */,
				E810DC16443AF9776EDC4C11 /* Pods */,
			);
			sourceTree = "<group>";
		};
		813DD1E61F04824C0025A93C /* Products */ = {
			isa = PBXGroup;
			children = (
				813DD1E51F04824C0025A93C /* Smart Dimmer.app */,
			);
			name = Products;
			sourceTree = "<group>";
		};
		813DD1E71F04824C0025A93C /* Smart Dimmer */ = {
			isa = PBXGroup;
			children = (
				81D4085C1F159F18006DEC13 /* DiscoverTableView */,
				81136FF51F3402AD001CA824 /* Resources */,
			);
			path = "Smart Dimmer";
			sourceTree = "<group>";
		};
		813DD1FD1F04871A0025A93C /* Frameworks */ = {
			isa = PBXGroup;
			children = (
				813DD1FE1F04871A0025A93C /* CoreBluetooth.framework */,
				6DA9427C4E4A846EB51BCB55 /* Pods_Smart_Dimmer.framework */,
			);
			name = Frameworks;
			sourceTree = "<group>";
		};
		8148F63A1F7C6CED00E2E5EB /* HelpPictures */ = {
			isa = PBXGroup;
			children = (
				81F753AC1FBFBD240047EDE4 /* adjustBrightness.PNG */,
				8148F62E1F7C6CB700E2E5EB /* pullToRefresh.PNG */,
				8148F62F1F7C6CB700E2E5EB /* setupPopup.PNG */,
				8148F6301F7C6CB700E2E5EB /* sideMenu.PNG */,
				8148F6311F7C6CB700E2E5EB /* groupsSelect.PNG */,
				8148F6331F7C6CB700E2E5EB /* mainScreen.PNG */,
			);
			name = HelpPictures;
			sourceTree = "<group>";
		};
		81D4085C1F159F18006DEC13 /* DiscoverTableView */ = {
			isa = PBXGroup;
			children = (
				81136FF61F3402C4001CA824 /* Main */,
				81136FF71F3402CA001CA824 /* Storyboards */,
			);
			name = DiscoverTableView;
			sourceTree = "<group>";
		};
		81E1057C1FAA934000E2B0BB /* CoreData */ = {
			isa = PBXGroup;
			children = (
				81E1057D1FAA935B00E2B0BB /* CoreDataObject.swift */,
			);
			name = CoreData;
			sourceTree = "<group>";
		};
		E810DC16443AF9776EDC4C11 /* Pods */ = {
			isa = PBXGroup;
			children = (
				483F3B2D24426763ABBCFFAC /* Pods-Smart Dimmer.debug.xcconfig */,
				6342C8E4208484267D5B76CE /* Pods-Smart Dimmer.release.xcconfig */,
			);
			name = Pods;
			sourceTree = "<group>";
		};
/* End PBXGroup section */

/* Begin PBXNativeTarget section */
		813DD1E41F04824C0025A93C /* Smart Dimmer */ = {
			isa = PBXNativeTarget;
			buildConfigurationList = 813DD1FA1F04824C0025A93C /* Build configuration list for PBXNativeTarget "Smart Dimmer" */;
			buildPhases = (
				F6AA0EE3E5DDEF7FECC38AB3 /* [CP] Check Pods Manifest.lock */,
				813DD1E11F04824C0025A93C /* Sources */,
				813DD1E21F04824C0025A93C /* Frameworks */,
				813DD1E31F04824C0025A93C /* Resources */,
				13CCE296A429B2C8BF1FBF05 /* [CP] Embed Pods Frameworks */,
				CD0CBE8B33DF793DBF460B75 /* [CP] Copy Pods Resources */,
			);
			buildRules = (
			);
			dependencies = (
			);
			name = "Smart Dimmer";
			productName = "Smart Dimmer";
			productReference = 813DD1E51F04824C0025A93C /* Smart Dimmer.app */;
			productType = "com.apple.product-type.application";
		};
/* End PBXNativeTarget section */

/* Begin PBXProject section */
		813DD1DD1F04824C0025A93C /* Project object */ = {
			isa = PBXProject;
			attributes = {
				LastSwiftUpdateCheck = 0830;
				LastUpgradeCheck = 0910;
				ORGANIZATIONNAME = "Adam Birdsall";
				TargetAttributes = {
					813DD1E41F04824C0025A93C = {
						CreatedOnToolsVersion = 8.3.2;
						DevelopmentTeam = 56E638GTTS;
						LastSwiftMigration = 0910;
						ProvisioningStyle = Automatic;
					};
				};
			};
			buildConfigurationList = 813DD1E01F04824C0025A93C /* Build configuration list for PBXProject "Smart Dimmer" */;
			compatibilityVersion = "Xcode 3.2";
			developmentRegion = English;
			hasScannedForEncodings = 0;
			knownRegions = (
				en,
				Base,
			);
			mainGroup = 813DD1DC1F04824C0025A93C;
			productRefGroup = 813DD1E61F04824C0025A93C /* Products */;
			projectDirPath = "";
			projectRoot = "";
			targets = (
				813DD1E41F04824C0025A93C /* Smart Dimmer */,
			);
		};
/* End PBXProject section */

/* Begin PBXResourcesBuildPhase section */
		813DD1E31F04824C0025A93C /* Resources */ = {
			isa = PBXResourcesBuildPhase;
			buildActionMask = 2147483647;
			files = (
				8148F6371F7C6CB700E2E5EB /* groupsSelect.PNG in Resources */,
				8148F6341F7C6CB700E2E5EB /* pullToRefresh.PNG in Resources */,
				8131F8882059EE7B00DEE4B8 /* Icon_120.png in Resources */,
				8131F89D2059EEB800DEE4B8 /* Icon-Small@2x.png in Resources */,
				817B2BCB1F42AD1E00D9B7E9 /* topBarTitle.png in Resources */,
				81F753AD1FBFBD240047EDE4 /* adjustBrightness.PNG in Resources */,
				81136FFC1F3402FC001CA824 /* Brilliance LED logo 2016_Stacked.png in Resources */,
				813DD1F61F04824C0025A93C /* LaunchScreen.storyboard in Resources */,
				8148F6351F7C6CB700E2E5EB /* setupPopup.PNG in Resources */,
				8131F8872059EE7B00DEE4B8 /* Icon_60.png in Resources */,
				8131F8A12059EEB800DEE4B8 /* iTunesArtwork in Resources */,
				8131F88E2059EE7B00DEE4B8 /* Icon_87.png in Resources */,
				8131F89C2059EEB800DEE4B8 /* iTunesArtwork@2x in Resources */,
				8131F89E2059EEB800DEE4B8 /* Icon-Small-50@2x.png in Resources */,
				8131F89F2059EEB800DEE4B8 /* Icon.png in Resources */,
				8131F88C2059EE7B00DEE4B8 /* Icon_152.png in Resources */,
				8131F88D2059EE7B00DEE4B8 /* Icon_20.png in Resources */,
				8131F89B2059EEB800DEE4B8 /* Icon@2x.png in Resources */,
				818BBA941F42B1A600B6F1DD /* icons8-Menu-25.png in Resources */,
				817B2BC91F42AD1700D9B7E9 /* appIcon.png in Resources */,
				8131F88A2059EE7B00DEE4B8 /* Icon_180.png in Resources */,
				8148F6391F7C6CB700E2E5EB /* mainScreen.PNG in Resources */,
				8131F8A02059EEB800DEE4B8 /* Icon-Small.png in Resources */,
				813DD1F31F04824C0025A93C /* Assets.xcassets in Resources */,
				8131F8A42059F03300DEE4B8 /* IconLarge.png in Resources */,
				8131F89A2059EEB800DEE4B8 /* Icon-72.png in Resources */,
				818BBA921F42B14000B6F1DD /* icons8-Menu-50.png in Resources */,
				8148F6361F7C6CB700E2E5EB /* sideMenu.PNG in Resources */,
				8131F8A22059EEB800DEE4B8 /* Icon-72@2x.png in Resources */,
				8131F8892059EE7B00DEE4B8 /* Icon_167.png in Resources */,
				813DD1EE1F04824C0025A93C /* Main.storyboard in Resources */,
				8131F8852059EE7B00DEE4B8 /* Icon_40.png in Resources */,
				8131F8992059EEB800DEE4B8 /* Icon-Small-50.png in Resources */,
				8131F8862059EE7B00DEE4B8 /* Icon_76.png in Resources */,
				8131F88B2059EE7B00DEE4B8 /* Icon_80.png in Resources */,
				81136FFB1F3402FC001CA824 /* titleImage.png in Resources */,
			);
			runOnlyForDeploymentPostprocessing = 0;
		};
/* End PBXResourcesBuildPhase section */

/* Begin PBXShellScriptBuildPhase section */
		13CCE296A429B2C8BF1FBF05 /* [CP] Embed Pods Frameworks */ = {
			isa = PBXShellScriptBuildPhase;
			buildActionMask = 2147483647;
			files = (
			);
			inputPaths = (
				"${SRCROOT}/Pods/Target Support Files/Pods-Smart Dimmer/Pods-Smart Dimmer-frameworks.sh",
				"${BUILT_PRODUCTS_DIR}/SideMenu/SideMenu.framework",
				"${BUILT_PRODUCTS_DIR}/SimpleAnimation/SimpleAnimation.framework",
				"${BUILT_PRODUCTS_DIR}/StepSlider/StepSlider.framework",
				"${BUILT_PRODUCTS_DIR}/VerticalSteppedSlider/VerticalSteppedSlider.framework",
			);
			name = "[CP] Embed Pods Frameworks";
			outputPaths = (
				"${TARGET_BUILD_DIR}/${FRAMEWORKS_FOLDER_PATH}/SideMenu.framework",
				"${TARGET_BUILD_DIR}/${FRAMEWORKS_FOLDER_PATH}/SimpleAnimation.framework",
				"${TARGET_BUILD_DIR}/${FRAMEWORKS_FOLDER_PATH}/StepSlider.framework",
				"${TARGET_BUILD_DIR}/${FRAMEWORKS_FOLDER_PATH}/VerticalSteppedSlider.framework",
			);
			runOnlyForDeploymentPostprocessing = 0;
			shellPath = /bin/sh;
			shellScript = "\"${SRCROOT}/Pods/Target Support Files/Pods-Smart Dimmer/Pods-Smart Dimmer-frameworks.sh\"\n";
			showEnvVarsInLog = 0;
		};
		CD0CBE8B33DF793DBF460B75 /* [CP] Copy Pods Resources */ = {
			isa = PBXShellScriptBuildPhase;
			buildActionMask = 2147483647;
			files = (
			);
			inputPaths = (
			);
			name = "[CP] Copy Pods Resources";
			outputPaths = (
			);
			runOnlyForDeploymentPostprocessing = 0;
			shellPath = /bin/sh;
			shellScript = "\"${SRCROOT}/Pods/Target Support Files/Pods-Smart Dimmer/Pods-Smart Dimmer-resources.sh\"\n";
			showEnvVarsInLog = 0;
		};
		F6AA0EE3E5DDEF7FECC38AB3 /* [CP] Check Pods Manifest.lock */ = {
			isa = PBXShellScriptBuildPhase;
			buildActionMask = 2147483647;
			files = (
			);
			inputPaths = (
				"${PODS_PODFILE_DIR_PATH}/Podfile.lock",
				"${PODS_ROOT}/Manifest.lock",
			);
			name = "[CP] Check Pods Manifest.lock";
			outputPaths = (
				"$(DERIVED_FILE_DIR)/Pods-Smart Dimmer-checkManifestLockResult.txt",
			);
			runOnlyForDeploymentPostprocessing = 0;
			shellPath = /bin/sh;
			shellScript = "diff \"${PODS_PODFILE_DIR_PATH}/Podfile.lock\" \"${PODS_ROOT}/Manifest.lock\" > /dev/null\nif [ $? != 0 ] ; then\n    # print error to STDERR\n    echo \"error: The sandbox is not in sync with the Podfile.lock. Run 'pod install' or update your CocoaPods installation.\" >&2\n    exit 1\nfi\n# This output is used by Xcode 'outputs' to avoid re-running this script phase.\necho \"SUCCESS\" > \"${SCRIPT_OUTPUT_FILE_0}\"\n";
			showEnvVarsInLog = 0;
		};
/* End PBXShellScriptBuildPhase section */

/* Begin PBXSourcesBuildPhase section */
		813DD1E11F04824C0025A93C /* Sources */ = {
			isa = PBXSourcesBuildPhase;
			buildActionMask = 2147483647;
			files = (
				8129EAC62047B0EC006EAE76 /* PeripheralObject.swift in Sources */,
				813DD1F11F04824C0025A93C /* Smart_Dimmer.xcdatamodeld in Sources */,
				81E1057E1FAA935B00E2B0BB /* CoreDataObject.swift in Sources */,
				8192252A1F342E7800DA080E /* MenuTableViewController.swift in Sources */,
				8148F63E1F7C958300E2E5EB /* HelpPageViewController.swift in Sources */,
				813AFBED1F1EF632007A11AC /* DiscoveryViewController.swift in Sources */,
				81373E9C1F537CAA00937FF2 /* Peripherals.swift in Sources */,
				81C6CB8A1F451FE300FBBC8C /* SetupViewController.swift in Sources */,
				813DD1E91F04824C0025A93C /* AppDelegate.swift in Sources */,
			);
			runOnlyForDeploymentPostprocessing = 0;
		};
/* End PBXSourcesBuildPhase section */

/* Begin PBXVariantGroup section */
		813DD1EC1F04824C0025A93C /* Main.storyboard */ = {
			isa = PBXVariantGroup;
			children = (
				813DD1ED1F04824C0025A93C /* Base */,
			);
			name = Main.storyboard;
			sourceTree = "<group>";
		};
		813DD1F41F04824C0025A93C /* LaunchScreen.storyboard */ = {
			isa = PBXVariantGroup;
			children = (
				813DD1F51F04824C0025A93C /* Base */,
			);
			name = LaunchScreen.storyboard;
			sourceTree = "<group>";
		};
/* End PBXVariantGroup section */

/* Begin XCBuildConfiguration section */
		813DD1F81F04824C0025A93C /* Debug */ = {
			isa = XCBuildConfiguration;
			buildSettings = {
				ALWAYS_SEARCH_USER_PATHS = NO;
				CLANG_ANALYZER_NONNULL = YES;
				CLANG_ANALYZER_NUMBER_OBJECT_CONVERSION = YES_AGGRESSIVE;
				CLANG_CXX_LANGUAGE_STANDARD = "gnu++0x";
				CLANG_CXX_LIBRARY = "libc++";
				CLANG_ENABLE_MODULES = YES;
				CLANG_ENABLE_OBJC_ARC = YES;
				CLANG_WARN_BLOCK_CAPTURE_AUTORELEASING = YES;
				CLANG_WARN_BOOL_CONVERSION = YES;
				CLANG_WARN_COMMA = YES;
				CLANG_WARN_CONSTANT_CONVERSION = YES;
				CLANG_WARN_DIRECT_OBJC_ISA_USAGE = YES_ERROR;
				CLANG_WARN_DOCUMENTATION_COMMENTS = YES;
				CLANG_WARN_EMPTY_BODY = YES;
				CLANG_WARN_ENUM_CONVERSION = YES;
				CLANG_WARN_INFINITE_RECURSION = YES;
				CLANG_WARN_INT_CONVERSION = YES;
				CLANG_WARN_NON_LITERAL_NULL_CONVERSION = YES;
				CLANG_WARN_OBJC_LITERAL_CONVERSION = YES;
				CLANG_WARN_OBJC_ROOT_CLASS = YES_ERROR;
				CLANG_WARN_RANGE_LOOP_ANALYSIS = YES;
				CLANG_WARN_STRICT_PROTOTYPES = YES;
				CLANG_WARN_SUSPICIOUS_MOVE = YES;
				CLANG_WARN_UNREACHABLE_CODE = YES;
				CLANG_WARN__DUPLICATE_METHOD_MATCH = YES;
				"CODE_SIGN_IDENTITY[sdk=iphoneos*]" = "iPhone Developer";
				COPY_PHASE_STRIP = NO;
				DEBUG_INFORMATION_FORMAT = dwarf;
				ENABLE_STRICT_OBJC_MSGSEND = YES;
				ENABLE_TESTABILITY = YES;
				GCC_C_LANGUAGE_STANDARD = gnu99;
				GCC_DYNAMIC_NO_PIC = NO;
				GCC_NO_COMMON_BLOCKS = YES;
				GCC_OPTIMIZATION_LEVEL = 0;
				GCC_PREPROCESSOR_DEFINITIONS = (
					"DEBUG=1",
					"$(inherited)",
				);
				GCC_WARN_64_TO_32_BIT_CONVERSION = YES;
				GCC_WARN_ABOUT_RETURN_TYPE = YES_ERROR;
				GCC_WARN_UNDECLARED_SELECTOR = YES;
				GCC_WARN_UNINITIALIZED_AUTOS = YES_AGGRESSIVE;
				GCC_WARN_UNUSED_FUNCTION = YES;
				GCC_WARN_UNUSED_VARIABLE = YES;
				IPHONEOS_DEPLOYMENT_TARGET = 10.3;
				MTL_ENABLE_DEBUG_INFO = YES;
				ONLY_ACTIVE_ARCH = YES;
				SDKROOT = iphoneos;
				SWIFT_ACTIVE_COMPILATION_CONDITIONS = DEBUG;
				SWIFT_OPTIMIZATION_LEVEL = "-Onone";
				TARGETED_DEVICE_FAMILY = "1,2";
			};
			name = Debug;
		};
		813DD1F91F04824C0025A93C /* Release */ = {
			isa = XCBuildConfiguration;
			buildSettings = {
				ALWAYS_SEARCH_USER_PATHS = NO;
				CLANG_ANALYZER_NONNULL = YES;
				CLANG_ANALYZER_NUMBER_OBJECT_CONVERSION = YES_AGGRESSIVE;
				CLANG_CXX_LANGUAGE_STANDARD = "gnu++0x";
				CLANG_CXX_LIBRARY = "libc++";
				CLANG_ENABLE_MODULES = YES;
				CLANG_ENABLE_OBJC_ARC = YES;
				CLANG_WARN_BLOCK_CAPTURE_AUTORELEASING = YES;
				CLANG_WARN_BOOL_CONVERSION = YES;
				CLANG_WARN_COMMA = YES;
				CLANG_WARN_CONSTANT_CONVERSION = YES;
				CLANG_WARN_DIRECT_OBJC_ISA_USAGE = YES_ERROR;
				CLANG_WARN_DOCUMENTATION_COMMENTS = YES;
				CLANG_WARN_EMPTY_BODY = YES;
				CLANG_WARN_ENUM_CONVERSION = YES;
				CLANG_WARN_INFINITE_RECURSION = YES;
				CLANG_WARN_INT_CONVERSION = YES;
				CLANG_WARN_NON_LITERAL_NULL_CONVERSION = YES;
				CLANG_WARN_OBJC_LITERAL_CONVERSION = YES;
				CLANG_WARN_OBJC_ROOT_CLASS = YES_ERROR;
				CLANG_WARN_RANGE_LOOP_ANALYSIS = YES;
				CLANG_WARN_STRICT_PROTOTYPES = YES;
				CLANG_WARN_SUSPICIOUS_MOVE = YES;
				CLANG_WARN_UNREACHABLE_CODE = YES;
				CLANG_WARN__DUPLICATE_METHOD_MATCH = YES;
				"CODE_SIGN_IDENTITY[sdk=iphoneos*]" = "iPhone Developer";
				COPY_PHASE_STRIP = NO;
				DEBUG_INFORMATION_FORMAT = "dwarf-with-dsym";
				ENABLE_NS_ASSERTIONS = NO;
				ENABLE_STRICT_OBJC_MSGSEND = YES;
				GCC_C_LANGUAGE_STANDARD = gnu99;
				GCC_NO_COMMON_BLOCKS = YES;
				GCC_WARN_64_TO_32_BIT_CONVERSION = YES;
				GCC_WARN_ABOUT_RETURN_TYPE = YES_ERROR;
				GCC_WARN_UNDECLARED_SELECTOR = YES;
				GCC_WARN_UNINITIALIZED_AUTOS = YES_AGGRESSIVE;
				GCC_WARN_UNUSED_FUNCTION = YES;
				GCC_WARN_UNUSED_VARIABLE = YES;
				IPHONEOS_DEPLOYMENT_TARGET = 10.3;
				MTL_ENABLE_DEBUG_INFO = NO;
				SDKROOT = iphoneos;
				SWIFT_OPTIMIZATION_LEVEL = "-Owholemodule";
				TARGETED_DEVICE_FAMILY = "1,2";
				VALIDATE_PRODUCT = YES;
			};
			name = Release;
		};
		813DD1FB1F04824C0025A93C /* Debug */ = {
			isa = XCBuildConfiguration;
			baseConfigurationReference = 483F3B2D24426763ABBCFFAC /* Pods-Smart Dimmer.debug.xcconfig */;
			buildSettings = {
				ALWAYS_EMBED_SWIFT_STANDARD_LIBRARIES = YES;
				ASSETCATALOG_COMPILER_APPICON_NAME = AppIcon;
				DEVELOPMENT_TEAM = 56E638GTTS;
				INFOPLIST_FILE = "Smart Dimmer/Info.plist";
				IPHONEOS_DEPLOYMENT_TARGET = 10.0;
				LD_RUNPATH_SEARCH_PATHS = "$(inherited) @executable_path/Frameworks";
				PRODUCT_BUNDLE_IDENTIFIER = com.BrillianceLED.SmartDimmer;
				PRODUCT_NAME = "$(TARGET_NAME)";
				SWIFT_VERSION = 3.0;
			};
			name = Debug;
		};
		813DD1FC1F04824C0025A93C /* Release */ = {
			isa = XCBuildConfiguration;
			baseConfigurationReference = 6342C8E4208484267D5B76CE /* Pods-Smart Dimmer.release.xcconfig */;
			buildSettings = {
				ALWAYS_EMBED_SWIFT_STANDARD_LIBRARIES = YES;
				ASSETCATALOG_COMPILER_APPICON_NAME = AppIcon;
				DEVELOPMENT_TEAM = 56E638GTTS;
				INFOPLIST_FILE = "Smart Dimmer/Info.plist";
				IPHONEOS_DEPLOYMENT_TARGET = 10.0;
				LD_RUNPATH_SEARCH_PATHS = "$(inherited) @executable_path/Frameworks";
				PRODUCT_BUNDLE_IDENTIFIER = com.BrillianceLED.SmartDimmer;
				PRODUCT_NAME = "$(TARGET_NAME)";
				SWIFT_VERSION = 3.0;
			};
			name = Release;
		};
/* End XCBuildConfiguration section */

/* Begin XCConfigurationList section */
		813DD1E01F04824C0025A93C /* Build configuration list for PBXProject "Smart Dimmer" */ = {
			isa = XCConfigurationList;
			buildConfigurations = (
				813DD1F81F04824C0025A93C /* Debug */,
				813DD1F91F04824C0025A93C /* Release */,
			);
			defaultConfigurationIsVisible = 0;
			defaultConfigurationName = Release;
		};
		813DD1FA1F04824C0025A93C /* Build configuration list for PBXNativeTarget "Smart Dimmer" */ = {
			isa = XCConfigurationList;
			buildConfigurations = (
				813DD1FB1F04824C0025A93C /* Debug */,
				813DD1FC1F04824C0025A93C /* Release */,
			);
			defaultConfigurationIsVisible = 0;
			defaultConfigurationName = Release;
		};
/* End XCConfigurationList section */

/* Begin XCVersionGroup section */
		813DD1EF1F04824C0025A93C /* Smart_Dimmer.xcdatamodeld */ = {
			isa = XCVersionGroup;
			children = (
				813DD1F01F04824C0025A93C /* Smart_Dimmer.xcdatamodel */,
			);
			currentVersion = 813DD1F01F04824C0025A93C /* Smart_Dimmer.xcdatamodel */;
			path = Smart_Dimmer.xcdatamodeld;
			sourceTree = "<group>";
			versionGroupType = wrapper.xcdatamodel;
		};
/* End XCVersionGroup section */
	};
	rootObject = 813DD1DD1F04824C0025A93C /* Project object */;
}
